// !$*UTF8*$!
{
	archiveVersion = 1;
	classes = {
	};
	objectVersion = 56;
	objects = {

/* Begin PBXBuildFile section */
		C73730402BFDB41100187EEF /* AuthResponse.swift in Sources */ = {isa = PBXBuildFile; fileRef = C737303F2BFDB41100187EEF /* AuthResponse.swift */; };
		C73730432BFDB46E00187EEF /* KeychainManager.swift in Sources */ = {isa = PBXBuildFile; fileRef = C73730422BFDB46E00187EEF /* KeychainManager.swift */; };
		C73DE17C2C1C16AC0018CDEF /* MainViewModel.swift in Sources */ = {isa = PBXBuildFile; fileRef = C73DE17B2C1C16AC0018CDEF /* MainViewModel.swift */; };
		C73DE17E2C1C22AE0018CDEF /* RoomTitleResponse.swift in Sources */ = {isa = PBXBuildFile; fileRef = C73DE17D2C1C22AD0018CDEF /* RoomTitleResponse.swift */; };
		C73DE1802C1C30EB0018CDEF /* SettingViewModel.swift in Sources */ = {isa = PBXBuildFile; fileRef = C73DE17F2C1C30EB0018CDEF /* SettingViewModel.swift */; };
		C73DE1882C1C39EB0018CDEF /* ShareViewController.swift in Sources */ = {isa = PBXBuildFile; fileRef = C73DE1872C1C39EB0018CDEF /* ShareViewController.swift */; };
		C73DE18B2C1C39EB0018CDEF /* Base in Resources */ = {isa = PBXBuildFile; fileRef = C73DE18A2C1C39EB0018CDEF /* Base */; };
		C73DE18F2C1C39EB0018CDEF /* group.GiftHub.share.appex in Embed Foundation Extensions */ = {isa = PBXBuildFile; fileRef = C73DE1852C1C39EB0018CDEF /* group.GiftHub.share.appex */; settings = {ATTRIBUTES = (RemoveHeadersOnCopy, ); }; };
		C74E60DC2C0C9E7E002C7DEB /* LoginResponse.swift in Sources */ = {isa = PBXBuildFile; fileRef = C74E60DB2C0C9E7E002C7DEB /* LoginResponse.swift */; };
		C7816B712BFDA0F100F6659F /* ContentView.swift in Sources */ = {isa = PBXBuildFile; fileRef = C7816B702BFDA0F100F6659F /* ContentView.swift */; };
		C7816B7D2BFDA2CD00F6659F /* Alamofire in Frameworks */ = {isa = PBXBuildFile; productRef = C7816B7C2BFDA2CD00F6659F /* Alamofire */; };
		C7816B7F2BFDA7B000F6659F /* NetworkManager.swift in Sources */ = {isa = PBXBuildFile; fileRef = C7816B7E2BFDA7B000F6659F /* NetworkManager.swift */; };
		C7816B812BFDAEA400F6659F /* WebView.swift in Sources */ = {isa = PBXBuildFile; fileRef = C7816B802BFDAEA400F6659F /* WebView.swift */; };
		C7BD5B102BE75D6B0060CC38 /* GiftHubApp.swift in Sources */ = {isa = PBXBuildFile; fileRef = C7BD5B0F2BE75D6B0060CC38 /* GiftHubApp.swift */; };
		C7BD5B142BE75D6C0060CC38 /* Assets.xcassets in Resources */ = {isa = PBXBuildFile; fileRef = C7BD5B132BE75D6C0060CC38 /* Assets.xcassets */; };
		C7BD5B172BE75D6C0060CC38 /* Preview Assets.xcassets in Resources */ = {isa = PBXBuildFile; fileRef = C7BD5B162BE75D6C0060CC38 /* Preview Assets.xcassets */; };
		C7BD5B202BE760330060CC38 /* LoginView.swift in Sources */ = {isa = PBXBuildFile; fileRef = C7BD5B1F2BE760330060CC38 /* LoginView.swift */; };
		C7BD5B232BE761460060CC38 /* NoEnterView.swift in Sources */ = {isa = PBXBuildFile; fileRef = C7BD5B222BE761460060CC38 /* NoEnterView.swift */; };
		C7BD5B262BE7646B0060CC38 /* MakeRoomDialogView.swift in Sources */ = {isa = PBXBuildFile; fileRef = C7BD5B252BE7646B0060CC38 /* MakeRoomDialogView.swift */; };
		C7BD5B2B2BE77AA50060CC38 /* CustomDialog.swift in Sources */ = {isa = PBXBuildFile; fileRef = C7BD5B2A2BE77AA50060CC38 /* CustomDialog.swift */; };
		C7BD5B2D2BE77B000060CC38 /* DialogPresentation.swift in Sources */ = {isa = PBXBuildFile; fileRef = C7BD5B2C2BE77B000060CC38 /* DialogPresentation.swift */; };
		C7BD5B2F2BE77B610060CC38 /* View+.swift in Sources */ = {isa = PBXBuildFile; fileRef = C7BD5B2E2BE77B610060CC38 /* View+.swift */; };
		C7BD5B312BE77BB10060CC38 /* DialogContent.swift in Sources */ = {isa = PBXBuildFile; fileRef = C7BD5B302BE77BB10060CC38 /* DialogContent.swift */; };
		C7BD5B332BE786A00060CC38 /* JoinDialogView.swift in Sources */ = {isa = PBXBuildFile; fileRef = C7BD5B322BE786A00060CC38 /* JoinDialogView.swift */; };
		C7BD5B362BE78A5C0060CC38 /* CategoryView.swift in Sources */ = {isa = PBXBuildFile; fileRef = C7BD5B352BE78A5C0060CC38 /* CategoryView.swift */; };
		C7BD5B382BE7908C0060CC38 /* CategoryGridView.swift in Sources */ = {isa = PBXBuildFile; fileRef = C7BD5B372BE7908C0060CC38 /* CategoryGridView.swift */; };
		C7BD5B3B2BE7A0080060CC38 /* CategoryDetailView.swift in Sources */ = {isa = PBXBuildFile; fileRef = C7BD5B3A2BE7A0080060CC38 /* CategoryDetailView.swift */; };
		C7BE5C062BFC6626007B1D3D /* LoginViewModel.swift in Sources */ = {isa = PBXBuildFile; fileRef = C7BE5C052BFC6626007B1D3D /* LoginViewModel.swift */; };
		C7BE5C092BFC6667007B1D3D /* API.swift in Sources */ = {isa = PBXBuildFile; fileRef = C7BE5C082BFC6667007B1D3D /* API.swift */; };
		C7BE5C102BFC6709007B1D3D /* APICase.swift in Sources */ = {isa = PBXBuildFile; fileRef = C7BE5C0F2BFC6709007B1D3D /* APICase.swift */; };
		C7BE5C122BFC725C007B1D3D /* RouterProtocol.swift in Sources */ = {isa = PBXBuildFile; fileRef = C7BE5C112BFC725C007B1D3D /* RouterProtocol.swift */; };
		C7C2944D2BEF21D1009FACD8 /* CategoryViewModel.swift in Sources */ = {isa = PBXBuildFile; fileRef = C7C2944C2BEF21D1009FACD8 /* CategoryViewModel.swift */; };
		C7C2944F2BEF25CF009FACD8 /* AddGiftDialog.swift in Sources */ = {isa = PBXBuildFile; fileRef = C7C2944E2BEF25CF009FACD8 /* AddGiftDialog.swift */; };
		C7C294532BEF7673009FACD8 /* Routes.swift in Sources */ = {isa = PBXBuildFile; fileRef = C7C294522BEF7673009FACD8 /* Routes.swift */; };
		C7C294552BEF7700009FACD8 /* Category.swift in Sources */ = {isa = PBXBuildFile; fileRef = C7C294542BEF7700009FACD8 /* Category.swift */; };
		C7C294582BEF790C009FACD8 /* SettingView.swift in Sources */ = {isa = PBXBuildFile; fileRef = C7C294572BEF790C009FACD8 /* SettingView.swift */; };
		C7C2945C2BEFBFD8009FACD8 /* DIContainer.swift in Sources */ = {isa = PBXBuildFile; fileRef = C7C2945B2BEFBFD8009FACD8 /* DIContainer.swift */; };
		C7C2945E2BEFD38C009FACD8 /* MakeRoomDialogViewModel.swift in Sources */ = {isa = PBXBuildFile; fileRef = C7C2945D2BEFD38C009FACD8 /* MakeRoomDialogViewModel.swift */; };
		C7C294622BEFD3A2009FACD8 /* JoinDialogViewModel.swift in Sources */ = {isa = PBXBuildFile; fileRef = C7C294612BEFD3A2009FACD8 /* JoinDialogViewModel.swift */; };
		C7FC37212C0CD68A00C2BB30 /* MakeRoomResponse.swift in Sources */ = {isa = PBXBuildFile; fileRef = C7FC37202C0CD68A00C2BB30 /* MakeRoomResponse.swift */; };
		C7FC37232C0D7A6F00C2BB30 /* GetImageResponse.swift in Sources */ = {isa = PBXBuildFile; fileRef = C7FC37222C0D7A6F00C2BB30 /* GetImageResponse.swift */; };
		C7FC37252C0DAF2E00C2BB30 /* GiftRequest.swift in Sources */ = {isa = PBXBuildFile; fileRef = C7FC37242C0DAF2E00C2BB30 /* GiftRequest.swift */; };
		C7FC37282C0DED6100C2BB30 /* Kingfisher in Frameworks */ = {isa = PBXBuildFile; productRef = C7FC37272C0DED6100C2BB30 /* Kingfisher */; };
/* End PBXBuildFile section */

/* Begin PBXContainerItemProxy section */
		C73DE18D2C1C39EB0018CDEF /* PBXContainerItemProxy */ = {
			isa = PBXContainerItemProxy;
			containerPortal = C7BD5B042BE75D6B0060CC38 /* Project object */;
			proxyType = 1;
			remoteGlobalIDString = C73DE1842C1C39EB0018CDEF;
			remoteInfo = group.GiftHub.share;
		};
/* End PBXContainerItemProxy section */

/* Begin PBXCopyFilesBuildPhase section */
		C73DE1932C1C39EB0018CDEF /* Embed Foundation Extensions */ = {
			isa = PBXCopyFilesBuildPhase;
			buildActionMask = 2147483647;
			dstPath = "";
			dstSubfolderSpec = 13;
			files = (
				C73DE18F2C1C39EB0018CDEF /* group.GiftHub.share.appex in Embed Foundation Extensions */,
			);
			name = "Embed Foundation Extensions";
			runOnlyForDeploymentPostprocessing = 0;
		};
		C7816B6F2BFD9F4F00F6659F /* Embed Frameworks */ = {
			isa = PBXCopyFilesBuildPhase;
			buildActionMask = 2147483647;
			dstPath = "";
			dstSubfolderSpec = 10;
			files = (
			);
			name = "Embed Frameworks";
			runOnlyForDeploymentPostprocessing = 0;
		};
/* End PBXCopyFilesBuildPhase section */

/* Begin PBXFileReference section */
		C737303F2BFDB41100187EEF /* AuthResponse.swift */ = {isa = PBXFileReference; lastKnownFileType = sourcecode.swift; path = AuthResponse.swift; sourceTree = "<group>"; };
		C73730422BFDB46E00187EEF /* KeychainManager.swift */ = {isa = PBXFileReference; lastKnownFileType = sourcecode.swift; path = KeychainManager.swift; sourceTree = "<group>"; };
		C73DE17B2C1C16AC0018CDEF /* MainViewModel.swift */ = {isa = PBXFileReference; lastKnownFileType = sourcecode.swift; path = MainViewModel.swift; sourceTree = "<group>"; };
		C73DE17D2C1C22AD0018CDEF /* RoomTitleResponse.swift */ = {isa = PBXFileReference; lastKnownFileType = sourcecode.swift; path = RoomTitleResponse.swift; sourceTree = "<group>"; };
		C73DE17F2C1C30EB0018CDEF /* SettingViewModel.swift */ = {isa = PBXFileReference; lastKnownFileType = sourcecode.swift; path = SettingViewModel.swift; sourceTree = "<group>"; };
		C73DE1852C1C39EB0018CDEF /* group.GiftHub.share.appex */ = {isa = PBXFileReference; explicitFileType = "wrapper.app-extension"; includeInIndex = 0; path = group.GiftHub.share.appex; sourceTree = BUILT_PRODUCTS_DIR; };
		C73DE1872C1C39EB0018CDEF /* ShareViewController.swift */ = {isa = PBXFileReference; lastKnownFileType = sourcecode.swift; path = ShareViewController.swift; sourceTree = "<group>"; };
		C73DE18A2C1C39EB0018CDEF /* Base */ = {isa = PBXFileReference; lastKnownFileType = file.storyboard; name = Base; path = Base.lproj/MainInterface.storyboard; sourceTree = "<group>"; };
		C73DE18C2C1C39EB0018CDEF /* Info.plist */ = {isa = PBXFileReference; lastKnownFileType = text.plist.xml; path = Info.plist; sourceTree = "<group>"; };
		C74E60DB2C0C9E7E002C7DEB /* LoginResponse.swift */ = {isa = PBXFileReference; lastKnownFileType = sourcecode.swift; path = LoginResponse.swift; sourceTree = "<group>"; };
		C7816B702BFDA0F100F6659F /* ContentView.swift */ = {isa = PBXFileReference; lastKnownFileType = sourcecode.swift; path = ContentView.swift; sourceTree = "<group>"; };
		C7816B7E2BFDA7B000F6659F /* NetworkManager.swift */ = {isa = PBXFileReference; lastKnownFileType = sourcecode.swift; path = NetworkManager.swift; sourceTree = "<group>"; };
		C7816B802BFDAEA400F6659F /* WebView.swift */ = {isa = PBXFileReference; lastKnownFileType = sourcecode.swift; path = WebView.swift; sourceTree = "<group>"; };
		C7BD5B0C2BE75D6B0060CC38 /* GiftHub.app */ = {isa = PBXFileReference; explicitFileType = wrapper.application; includeInIndex = 0; path = GiftHub.app; sourceTree = BUILT_PRODUCTS_DIR; };
		C7BD5B0F2BE75D6B0060CC38 /* GiftHubApp.swift */ = {isa = PBXFileReference; lastKnownFileType = sourcecode.swift; path = GiftHubApp.swift; sourceTree = "<group>"; };
		C7BD5B132BE75D6C0060CC38 /* Assets.xcassets */ = {isa = PBXFileReference; lastKnownFileType = folder.assetcatalog; path = Assets.xcassets; sourceTree = "<group>"; };
		C7BD5B162BE75D6C0060CC38 /* Preview Assets.xcassets */ = {isa = PBXFileReference; lastKnownFileType = folder.assetcatalog; path = "Preview Assets.xcassets"; sourceTree = "<group>"; };
		C7BD5B1F2BE760330060CC38 /* LoginView.swift */ = {isa = PBXFileReference; lastKnownFileType = sourcecode.swift; path = LoginView.swift; sourceTree = "<group>"; };
		C7BD5B222BE761460060CC38 /* NoEnterView.swift */ = {isa = PBXFileReference; lastKnownFileType = sourcecode.swift; path = NoEnterView.swift; sourceTree = "<group>"; };
		C7BD5B252BE7646B0060CC38 /* MakeRoomDialogView.swift */ = {isa = PBXFileReference; lastKnownFileType = sourcecode.swift; path = MakeRoomDialogView.swift; sourceTree = "<group>"; };
		C7BD5B2A2BE77AA50060CC38 /* CustomDialog.swift */ = {isa = PBXFileReference; lastKnownFileType = sourcecode.swift; path = CustomDialog.swift; sourceTree = "<group>"; };
		C7BD5B2C2BE77B000060CC38 /* DialogPresentation.swift */ = {isa = PBXFileReference; lastKnownFileType = sourcecode.swift; path = DialogPresentation.swift; sourceTree = "<group>"; };
		C7BD5B2E2BE77B610060CC38 /* View+.swift */ = {isa = PBXFileReference; lastKnownFileType = sourcecode.swift; path = "View+.swift"; sourceTree = "<group>"; };
		C7BD5B302BE77BB10060CC38 /* DialogContent.swift */ = {isa = PBXFileReference; lastKnownFileType = sourcecode.swift; path = DialogContent.swift; sourceTree = "<group>"; };
		C7BD5B322BE786A00060CC38 /* JoinDialogView.swift */ = {isa = PBXFileReference; lastKnownFileType = sourcecode.swift; path = JoinDialogView.swift; sourceTree = "<group>"; };
		C7BD5B352BE78A5C0060CC38 /* CategoryView.swift */ = {isa = PBXFileReference; lastKnownFileType = sourcecode.swift; path = CategoryView.swift; sourceTree = "<group>"; };
		C7BD5B372BE7908C0060CC38 /* CategoryGridView.swift */ = {isa = PBXFileReference; lastKnownFileType = sourcecode.swift; path = CategoryGridView.swift; sourceTree = "<group>"; };
		C7BD5B3A2BE7A0080060CC38 /* CategoryDetailView.swift */ = {isa = PBXFileReference; lastKnownFileType = sourcecode.swift; path = CategoryDetailView.swift; sourceTree = "<group>"; };
		C7BE5C052BFC6626007B1D3D /* LoginViewModel.swift */ = {isa = PBXFileReference; lastKnownFileType = sourcecode.swift; path = LoginViewModel.swift; sourceTree = "<group>"; };
		C7BE5C082BFC6667007B1D3D /* API.swift */ = {isa = PBXFileReference; lastKnownFileType = sourcecode.swift; path = API.swift; sourceTree = "<group>"; };
		C7BE5C0F2BFC6709007B1D3D /* APICase.swift */ = {isa = PBXFileReference; lastKnownFileType = sourcecode.swift; path = APICase.swift; sourceTree = "<group>"; };
		C7BE5C112BFC725C007B1D3D /* RouterProtocol.swift */ = {isa = PBXFileReference; lastKnownFileType = sourcecode.swift; path = RouterProtocol.swift; sourceTree = "<group>"; };
		C7C2944C2BEF21D1009FACD8 /* CategoryViewModel.swift */ = {isa = PBXFileReference; lastKnownFileType = sourcecode.swift; path = CategoryViewModel.swift; sourceTree = "<group>"; };
		C7C2944E2BEF25CF009FACD8 /* AddGiftDialog.swift */ = {isa = PBXFileReference; lastKnownFileType = sourcecode.swift; path = AddGiftDialog.swift; sourceTree = "<group>"; };
		C7C294502BEF7120009FACD8 /* GiftHub.entitlements */ = {isa = PBXFileReference; lastKnownFileType = text.plist.entitlements; path = GiftHub.entitlements; sourceTree = "<group>"; };
		C7C294522BEF7673009FACD8 /* Routes.swift */ = {isa = PBXFileReference; lastKnownFileType = sourcecode.swift; path = Routes.swift; sourceTree = "<group>"; };
		C7C294542BEF7700009FACD8 /* Category.swift */ = {isa = PBXFileReference; lastKnownFileType = sourcecode.swift; path = Category.swift; sourceTree = "<group>"; };
		C7C294572BEF790C009FACD8 /* SettingView.swift */ = {isa = PBXFileReference; lastKnownFileType = sourcecode.swift; path = SettingView.swift; sourceTree = "<group>"; };
		C7C2945B2BEFBFD8009FACD8 /* DIContainer.swift */ = {isa = PBXFileReference; lastKnownFileType = sourcecode.swift; path = DIContainer.swift; sourceTree = "<group>"; };
		C7C2945D2BEFD38C009FACD8 /* MakeRoomDialogViewModel.swift */ = {isa = PBXFileReference; lastKnownFileType = sourcecode.swift; path = MakeRoomDialogViewModel.swift; sourceTree = "<group>"; };
		C7C294612BEFD3A2009FACD8 /* JoinDialogViewModel.swift */ = {isa = PBXFileReference; lastKnownFileType = sourcecode.swift; path = JoinDialogViewModel.swift; sourceTree = "<group>"; };
		C7FC37202C0CD68A00C2BB30 /* MakeRoomResponse.swift */ = {isa = PBXFileReference; lastKnownFileType = sourcecode.swift; path = MakeRoomResponse.swift; sourceTree = "<group>"; };
		C7FC37222C0D7A6F00C2BB30 /* GetImageResponse.swift */ = {isa = PBXFileReference; lastKnownFileType = sourcecode.swift; path = GetImageResponse.swift; sourceTree = "<group>"; };
		C7FC37242C0DAF2E00C2BB30 /* GiftRequest.swift */ = {isa = PBXFileReference; lastKnownFileType = sourcecode.swift; path = GiftRequest.swift; sourceTree = "<group>"; };
/* End PBXFileReference section */

/* Begin PBXFrameworksBuildPhase section */
		C73DE1822C1C39EB0018CDEF /* Frameworks */ = {
			isa = PBXFrameworksBuildPhase;
			buildActionMask = 2147483647;
			files = (
			);
			runOnlyForDeploymentPostprocessing = 0;
		};
		C7BD5B092BE75D6B0060CC38 /* Frameworks */ = {
			isa = PBXFrameworksBuildPhase;
			buildActionMask = 2147483647;
			files = (
				C7FC37282C0DED6100C2BB30 /* Kingfisher in Frameworks */,
				C7816B7D2BFDA2CD00F6659F /* Alamofire in Frameworks */,
			);
			runOnlyForDeploymentPostprocessing = 0;
		};
/* End PBXFrameworksBuildPhase section */

/* Begin PBXGroup section */
		C737303E2BFDB40700187EEF /* Model */ = {
			isa = PBXGroup;
			children = (
				C737303F2BFDB41100187EEF /* AuthResponse.swift */,
				C7FC37202C0CD68A00C2BB30 /* MakeRoomResponse.swift */,
				C74E60DB2C0C9E7E002C7DEB /* LoginResponse.swift */,
				C7FC37222C0D7A6F00C2BB30 /* GetImageResponse.swift */,
				C73DE17D2C1C22AD0018CDEF /* RoomTitleResponse.swift */,
				C7FC37242C0DAF2E00C2BB30 /* GiftRequest.swift */,
			);
			path = Model;
			sourceTree = "<group>";
		};
		C73730412BFDB46700187EEF /* Manager */ = {
			isa = PBXGroup;
			children = (
				C73730422BFDB46E00187EEF /* KeychainManager.swift */,
			);
			path = Manager;
			sourceTree = "<group>";
		};
		C73DE1862C1C39EB0018CDEF /* group.GiftHub.share */ = {
			isa = PBXGroup;
			children = (
				C73DE1872C1C39EB0018CDEF /* ShareViewController.swift */,
				C73DE1892C1C39EB0018CDEF /* MainInterface.storyboard */,
				C73DE18C2C1C39EB0018CDEF /* Info.plist */,
			);
			path = group.GiftHub.share;
			sourceTree = "<group>";
		};
		C7816B752BFDA17A00F6659F /* Frameworks */ = {
			isa = PBXGroup;
			children = (
			);
			name = Frameworks;
			sourceTree = "<group>";
		};
		C7BD5B032BE75D6B0060CC38 = {
			isa = PBXGroup;
			children = (
				C7BD5B0E2BE75D6B0060CC38 /* GiftHub */,
				C73DE1862C1C39EB0018CDEF /* group.GiftHub.share */,
				C7BD5B0D2BE75D6B0060CC38 /* Products */,
				C7816B752BFDA17A00F6659F /* Frameworks */,
			);
			sourceTree = "<group>";
		};
		C7BD5B0D2BE75D6B0060CC38 /* Products */ = {
			isa = PBXGroup;
			children = (
				C7BD5B0C2BE75D6B0060CC38 /* GiftHub.app */,
				C73DE1852C1C39EB0018CDEF /* group.GiftHub.share.appex */,
			);
			name = Products;
			sourceTree = "<group>";
		};
		C7BD5B0E2BE75D6B0060CC38 /* GiftHub */ = {
			isa = PBXGroup;
			children = (
				C7C294502BEF7120009FACD8 /* GiftHub.entitlements */,
				C7C294592BEFBFC4009FACD8 /* Data */,
				C7BD5B272BE77A730060CC38 /* Utils */,
				C7BD5B1D2BE75F6F0060CC38 /* Presentation */,
				C7BD5B0F2BE75D6B0060CC38 /* GiftHubApp.swift */,
				C7816B702BFDA0F100F6659F /* ContentView.swift */,
				C7BD5B132BE75D6C0060CC38 /* Assets.xcassets */,
				C7BD5B152BE75D6C0060CC38 /* Preview Content */,
			);
			path = GiftHub;
			sourceTree = "<group>";
		};
		C7BD5B152BE75D6C0060CC38 /* Preview Content */ = {
			isa = PBXGroup;
			children = (
				C7BD5B162BE75D6C0060CC38 /* Preview Assets.xcassets */,
			);
			path = "Preview Content";
			sourceTree = "<group>";
		};
		C7BD5B1D2BE75F6F0060CC38 /* Presentation */ = {
			isa = PBXGroup;
			children = (
				C7C294562BEF7903009FACD8 /* SettingView */,
				C7BD5B392BE79FF80060CC38 /* CategoryDetailView */,
				C7BD5B342BE78A450060CC38 /* CategoryView */,
				C7BD5B242BE763B10060CC38 /* Dialog */,
				C7BD5B212BE761240060CC38 /* NoEnterView */,
				C7BD5B1E2BE760230060CC38 /* LoginView */,
			);
			path = Presentation;
			sourceTree = "<group>";
		};
		C7BD5B1E2BE760230060CC38 /* LoginView */ = {
			isa = PBXGroup;
			children = (
				C7BD5B1F2BE760330060CC38 /* LoginView.swift */,
				C7816B802BFDAEA400F6659F /* WebView.swift */,
				C7BE5C052BFC6626007B1D3D /* LoginViewModel.swift */,
			);
			path = LoginView;
			sourceTree = "<group>";
		};
		C7BD5B212BE761240060CC38 /* NoEnterView */ = {
			isa = PBXGroup;
			children = (
				C7BD5B222BE761460060CC38 /* NoEnterView.swift */,
			);
			path = NoEnterView;
			sourceTree = "<group>";
		};
		C7BD5B242BE763B10060CC38 /* Dialog */ = {
			isa = PBXGroup;
			children = (
				C7BD5B2A2BE77AA50060CC38 /* CustomDialog.swift */,
				C7BD5B2C2BE77B000060CC38 /* DialogPresentation.swift */,
				C7BD5B302BE77BB10060CC38 /* DialogContent.swift */,
				C7C294602BEFD397009FACD8 /* JoinDialog */,
				C7C2945F2BEFD38F009FACD8 /* MakeRoom */,
			);
			path = Dialog;
			sourceTree = "<group>";
		};
		C7BD5B272BE77A730060CC38 /* Utils */ = {
			isa = PBXGroup;
			children = (
				C73730412BFDB46700187EEF /* Manager */,
				C7C294512BEF766C009FACD8 /* Model */,
				C7BD5B282BE77A820060CC38 /* Extensions */,
			);
			path = Utils;
			sourceTree = "<group>";
		};
		C7BD5B282BE77A820060CC38 /* Extensions */ = {
			isa = PBXGroup;
			children = (
				C7BD5B2E2BE77B610060CC38 /* View+.swift */,
			);
			path = Extensions;
			sourceTree = "<group>";
		};
		C7BD5B342BE78A450060CC38 /* CategoryView */ = {
			isa = PBXGroup;
			children = (
				C7BD5B352BE78A5C0060CC38 /* CategoryView.swift */,
				C73DE17B2C1C16AC0018CDEF /* MainViewModel.swift */,
				C7BD5B372BE7908C0060CC38 /* CategoryGridView.swift */,
			);
			path = CategoryView;
			sourceTree = "<group>";
		};
		C7BD5B392BE79FF80060CC38 /* CategoryDetailView */ = {
			isa = PBXGroup;
			children = (
				C7BD5B3A2BE7A0080060CC38 /* CategoryDetailView.swift */,
				C7C2944C2BEF21D1009FACD8 /* CategoryViewModel.swift */,
				C7C2944E2BEF25CF009FACD8 /* AddGiftDialog.swift */,
			);
			path = CategoryDetailView;
			sourceTree = "<group>";
		};
		C7BE5C072BFC664F007B1D3D /* Network */ = {
			isa = PBXGroup;
			children = (
				C7BE5C082BFC6667007B1D3D /* API.swift */,
				C7BE5C0F2BFC6709007B1D3D /* APICase.swift */,
				C7816B7E2BFDA7B000F6659F /* NetworkManager.swift */,
				C7BE5C112BFC725C007B1D3D /* RouterProtocol.swift */,
			);
			path = Network;
			sourceTree = "<group>";
		};
		C7C294512BEF766C009FACD8 /* Model */ = {
			isa = PBXGroup;
			children = (
				C7C294522BEF7673009FACD8 /* Routes.swift */,
				C7C294542BEF7700009FACD8 /* Category.swift */,
			);
			path = Model;
			sourceTree = "<group>";
		};
		C7C294562BEF7903009FACD8 /* SettingView */ = {
			isa = PBXGroup;
			children = (
				C7C294572BEF790C009FACD8 /* SettingView.swift */,
				C73DE17F2C1C30EB0018CDEF /* SettingViewModel.swift */,
			);
			path = SettingView;
			sourceTree = "<group>";
		};
		C7C294592BEFBFC4009FACD8 /* Data */ = {
			isa = PBXGroup;
			children = (
				C737303E2BFDB40700187EEF /* Model */,
				C7BE5C072BFC664F007B1D3D /* Network */,
				C7C2945A2BEFBFD0009FACD8 /* Container */,
			);
			path = Data;
			sourceTree = "<group>";
		};
		C7C2945A2BEFBFD0009FACD8 /* Container */ = {
			isa = PBXGroup;
			children = (
				C7C2945B2BEFBFD8009FACD8 /* DIContainer.swift */,
			);
			path = Container;
			sourceTree = "<group>";
		};
		C7C2945F2BEFD38F009FACD8 /* MakeRoom */ = {
			isa = PBXGroup;
			children = (
				C7BD5B252BE7646B0060CC38 /* MakeRoomDialogView.swift */,
				C7C2945D2BEFD38C009FACD8 /* MakeRoomDialogViewModel.swift */,
			);
			path = MakeRoom;
			sourceTree = "<group>";
		};
		C7C294602BEFD397009FACD8 /* JoinDialog */ = {
			isa = PBXGroup;
			children = (
				C7BD5B322BE786A00060CC38 /* JoinDialogView.swift */,
				C7C294612BEFD3A2009FACD8 /* JoinDialogViewModel.swift */,
			);
			path = JoinDialog;
			sourceTree = "<group>";
		};
/* End PBXGroup section */

/* Begin PBXNativeTarget section */
		C73DE1842C1C39EB0018CDEF /* group.GiftHub.share */ = {
			isa = PBXNativeTarget;
			buildConfigurationList = C73DE1902C1C39EB0018CDEF /* Build configuration list for PBXNativeTarget "group.GiftHub.share" */;
			buildPhases = (
				C73DE1812C1C39EB0018CDEF /* Sources */,
				C73DE1822C1C39EB0018CDEF /* Frameworks */,
				C73DE1832C1C39EB0018CDEF /* Resources */,
			);
			buildRules = (
			);
			dependencies = (
			);
			name = group.GiftHub.share;
			productName = group.GiftHub.share;
			productReference = C73DE1852C1C39EB0018CDEF /* group.GiftHub.share.appex */;
			productType = "com.apple.product-type.app-extension";
		};
		C7BD5B0B2BE75D6B0060CC38 /* GiftHub */ = {
			isa = PBXNativeTarget;
			buildConfigurationList = C7BD5B1A2BE75D6C0060CC38 /* Build configuration list for PBXNativeTarget "GiftHub" */;
			buildPhases = (
				C7BD5B082BE75D6B0060CC38 /* Sources */,
				C7BD5B092BE75D6B0060CC38 /* Frameworks */,
				C7BD5B0A2BE75D6B0060CC38 /* Resources */,
				C7816B6F2BFD9F4F00F6659F /* Embed Frameworks */,
				C73DE1932C1C39EB0018CDEF /* Embed Foundation Extensions */,
			);
			buildRules = (
			);
			dependencies = (
				C73DE18E2C1C39EB0018CDEF /* PBXTargetDependency */,
			);
			name = GiftHub;
			packageProductDependencies = (
				C7816B7C2BFDA2CD00F6659F /* Alamofire */,
				C7FC37272C0DED6100C2BB30 /* Kingfisher */,
			);
			productName = GiftHub;
			productReference = C7BD5B0C2BE75D6B0060CC38 /* GiftHub.app */;
			productType = "com.apple.product-type.application";
		};
/* End PBXNativeTarget section */

/* Begin PBXProject section */
		C7BD5B042BE75D6B0060CC38 /* Project object */ = {
			isa = PBXProject;
			attributes = {
				BuildIndependentTargetsInParallel = 1;
				LastSwiftUpdateCheck = 1530;
				LastUpgradeCheck = 1530;
				TargetAttributes = {
					C73DE1842C1C39EB0018CDEF = {
						CreatedOnToolsVersion = 15.3;
					};
					C7BD5B0B2BE75D6B0060CC38 = {
						CreatedOnToolsVersion = 15.3;
					};
				};
			};
			buildConfigurationList = C7BD5B072BE75D6B0060CC38 /* Build configuration list for PBXProject "GiftHub" */;
			compatibilityVersion = "Xcode 14.0";
			developmentRegion = en;
			hasScannedForEncodings = 0;
			knownRegions = (
				en,
				Base,
			);
			mainGroup = C7BD5B032BE75D6B0060CC38;
			packageReferences = (
				C7816B7B2BFDA2CD00F6659F /* XCRemoteSwiftPackageReference "Alamofire" */,
				C7FC37262C0DED6100C2BB30 /* XCRemoteSwiftPackageReference "Kingfisher" */,
			);
			productRefGroup = C7BD5B0D2BE75D6B0060CC38 /* Products */;
			projectDirPath = "";
			projectRoot = "";
			targets = (
				C7BD5B0B2BE75D6B0060CC38 /* GiftHub */,
				C73DE1842C1C39EB0018CDEF /* group.GiftHub.share */,
			);
		};
/* End PBXProject section */

/* Begin PBXResourcesBuildPhase section */
		C73DE1832C1C39EB0018CDEF /* Resources */ = {
			isa = PBXResourcesBuildPhase;
			buildActionMask = 2147483647;
			files = (
				C73DE18B2C1C39EB0018CDEF /* Base in Resources */,
			);
			runOnlyForDeploymentPostprocessing = 0;
		};
		C7BD5B0A2BE75D6B0060CC38 /* Resources */ = {
			isa = PBXResourcesBuildPhase;
			buildActionMask = 2147483647;
			files = (
				C7BD5B172BE75D6C0060CC38 /* Preview Assets.xcassets in Resources */,
				C7BD5B142BE75D6C0060CC38 /* Assets.xcassets in Resources */,
			);
			runOnlyForDeploymentPostprocessing = 0;
		};
/* End PBXResourcesBuildPhase section */

/* Begin PBXSourcesBuildPhase section */
		C73DE1812C1C39EB0018CDEF /* Sources */ = {
			isa = PBXSourcesBuildPhase;
			buildActionMask = 2147483647;
			files = (
				C73DE1882C1C39EB0018CDEF /* ShareViewController.swift in Sources */,
			);
			runOnlyForDeploymentPostprocessing = 0;
		};
		C7BD5B082BE75D6B0060CC38 /* Sources */ = {
			isa = PBXSourcesBuildPhase;
			buildActionMask = 2147483647;
			files = (
				C7816B7F2BFDA7B000F6659F /* NetworkManager.swift in Sources */,
				C7BE5C092BFC6667007B1D3D /* API.swift in Sources */,
				C7FC37252C0DAF2E00C2BB30 /* GiftRequest.swift in Sources */,
				C7816B712BFDA0F100F6659F /* ContentView.swift in Sources */,
				C73DE17E2C1C22AE0018CDEF /* RoomTitleResponse.swift in Sources */,
				C7FC37232C0D7A6F00C2BB30 /* GetImageResponse.swift in Sources */,
				C7BD5B382BE7908C0060CC38 /* CategoryGridView.swift in Sources */,
				C73DE1802C1C30EB0018CDEF /* SettingViewModel.swift in Sources */,
				C7C2945E2BEFD38C009FACD8 /* MakeRoomDialogViewModel.swift in Sources */,
				C7BD5B2D2BE77B000060CC38 /* DialogPresentation.swift in Sources */,
				C7C2944D2BEF21D1009FACD8 /* CategoryViewModel.swift in Sources */,
				C7C294622BEFD3A2009FACD8 /* JoinDialogViewModel.swift in Sources */,
				C7BD5B202BE760330060CC38 /* LoginView.swift in Sources */,
				C7BD5B262BE7646B0060CC38 /* MakeRoomDialogView.swift in Sources */,
				C7BD5B2F2BE77B610060CC38 /* View+.swift in Sources */,
				C7BD5B362BE78A5C0060CC38 /* CategoryView.swift in Sources */,
				C7C294552BEF7700009FACD8 /* Category.swift in Sources */,
				C73730432BFDB46E00187EEF /* KeychainManager.swift in Sources */,
				C74E60DC2C0C9E7E002C7DEB /* LoginResponse.swift in Sources */,
				C7BE5C102BFC6709007B1D3D /* APICase.swift in Sources */,
				C7FC37212C0CD68A00C2BB30 /* MakeRoomResponse.swift in Sources */,
				C7BE5C062BFC6626007B1D3D /* LoginViewModel.swift in Sources */,
				C7C294532BEF7673009FACD8 /* Routes.swift in Sources */,
				C7C294582BEF790C009FACD8 /* SettingView.swift in Sources */,
				C7BD5B232BE761460060CC38 /* NoEnterView.swift in Sources */,
				C73730402BFDB41100187EEF /* AuthResponse.swift in Sources */,
				C7BD5B332BE786A00060CC38 /* JoinDialogView.swift in Sources */,
				C73DE17C2C1C16AC0018CDEF /* MainViewModel.swift in Sources */,
				C7BD5B2B2BE77AA50060CC38 /* CustomDialog.swift in Sources */,
				C7BE5C122BFC725C007B1D3D /* RouterProtocol.swift in Sources */,
				C7BD5B102BE75D6B0060CC38 /* GiftHubApp.swift in Sources */,
				C7BD5B312BE77BB10060CC38 /* DialogContent.swift in Sources */,
				C7BD5B3B2BE7A0080060CC38 /* CategoryDetailView.swift in Sources */,
				C7816B812BFDAEA400F6659F /* WebView.swift in Sources */,
				C7C2945C2BEFBFD8009FACD8 /* DIContainer.swift in Sources */,
				C7C2944F2BEF25CF009FACD8 /* AddGiftDialog.swift in Sources */,
			);
			runOnlyForDeploymentPostprocessing = 0;
		};
/* End PBXSourcesBuildPhase section */

/* Begin PBXTargetDependency section */
		C73DE18E2C1C39EB0018CDEF /* PBXTargetDependency */ = {
			isa = PBXTargetDependency;
			target = C73DE1842C1C39EB0018CDEF /* group.GiftHub.share */;
			targetProxy = C73DE18D2C1C39EB0018CDEF /* PBXContainerItemProxy */;
		};
/* End PBXTargetDependency section */

/* Begin PBXVariantGroup section */
		C73DE1892C1C39EB0018CDEF /* MainInterface.storyboard */ = {
			isa = PBXVariantGroup;
			children = (
				C73DE18A2C1C39EB0018CDEF /* Base */,
			);
			name = MainInterface.storyboard;
			sourceTree = "<group>";
		};
/* End PBXVariantGroup section */

/* Begin XCBuildConfiguration section */
		C73DE1912C1C39EB0018CDEF /* Debug */ = {
			isa = XCBuildConfiguration;
			buildSettings = {
				CODE_SIGN_STYLE = Automatic;
				CURRENT_PROJECT_VERSION = 1;
				DEVELOPMENT_TEAM = NG2NLR2Z86;
				GENERATE_INFOPLIST_FILE = YES;
				INFOPLIST_FILE = group.GiftHub.share/Info.plist;
				INFOPLIST_KEY_CFBundleDisplayName = group.GiftHub.share;
				INFOPLIST_KEY_NSHumanReadableCopyright = "";
				LD_RUNPATH_SEARCH_PATHS = (
					"$(inherited)",
					"@executable_path/Frameworks",
					"@executable_path/../../Frameworks",
				);
				MARKETING_VERSION = 1.0;
				PRODUCT_BUNDLE_IDENTIFIER = "GiftHub.main.group-GiftHub-share";
				PRODUCT_NAME = "$(TARGET_NAME)";
				SKIP_INSTALL = YES;
				SWIFT_EMIT_LOC_STRINGS = YES;
				SWIFT_VERSION = 5.0;
				TARGETED_DEVICE_FAMILY = "1,2";
			};
			name = Debug;
		};
		C73DE1922C1C39EB0018CDEF /* Release */ = {
			isa = XCBuildConfiguration;
			buildSettings = {
				CODE_SIGN_STYLE = Automatic;
				CURRENT_PROJECT_VERSION = 1;
				DEVELOPMENT_TEAM = NG2NLR2Z86;
				GENERATE_INFOPLIST_FILE = YES;
				INFOPLIST_FILE = group.GiftHub.share/Info.plist;
				INFOPLIST_KEY_CFBundleDisplayName = group.GiftHub.share;
				INFOPLIST_KEY_NSHumanReadableCopyright = "";
				LD_RUNPATH_SEARCH_PATHS = (
					"$(inherited)",
					"@executable_path/Frameworks",
					"@executable_path/../../Frameworks",
				);
				MARKETING_VERSION = 1.0;
				PRODUCT_BUNDLE_IDENTIFIER = "GiftHub.main.group-GiftHub-share";
				PRODUCT_NAME = "$(TARGET_NAME)";
				SKIP_INSTALL = YES;
				SWIFT_EMIT_LOC_STRINGS = YES;
				SWIFT_VERSION = 5.0;
				TARGETED_DEVICE_FAMILY = "1,2";
			};
			name = Release;
		};
		C7BD5B182BE75D6C0060CC38 /* Debug */ = {
			isa = XCBuildConfiguration;
			buildSettings = {
				ALWAYS_SEARCH_USER_PATHS = NO;
				ASSETCATALOG_COMPILER_GENERATE_SWIFT_ASSET_SYMBOL_EXTENSIONS = YES;
				CLANG_ANALYZER_NONNULL = YES;
				CLANG_ANALYZER_NUMBER_OBJECT_CONVERSION = YES_AGGRESSIVE;
				CLANG_CXX_LANGUAGE_STANDARD = "gnu++20";
				CLANG_ENABLE_MODULES = YES;
				CLANG_ENABLE_OBJC_ARC = YES;
				CLANG_ENABLE_OBJC_WEAK = YES;
				CLANG_WARN_BLOCK_CAPTURE_AUTORELEASING = YES;
				CLANG_WARN_BOOL_CONVERSION = YES;
				CLANG_WARN_COMMA = YES;
				CLANG_WARN_CONSTANT_CONVERSION = YES;
				CLANG_WARN_DEPRECATED_OBJC_IMPLEMENTATIONS = YES;
				CLANG_WARN_DIRECT_OBJC_ISA_USAGE = YES_ERROR;
				CLANG_WARN_DOCUMENTATION_COMMENTS = YES;
				CLANG_WARN_EMPTY_BODY = YES;
				CLANG_WARN_ENUM_CONVERSION = YES;
				CLANG_WARN_INFINITE_RECURSION = YES;
				CLANG_WARN_INT_CONVERSION = YES;
				CLANG_WARN_NON_LITERAL_NULL_CONVERSION = YES;
				CLANG_WARN_OBJC_IMPLICIT_RETAIN_SELF = YES;
				CLANG_WARN_OBJC_LITERAL_CONVERSION = YES;
				CLANG_WARN_OBJC_ROOT_CLASS = YES_ERROR;
				CLANG_WARN_QUOTED_INCLUDE_IN_FRAMEWORK_HEADER = YES;
				CLANG_WARN_RANGE_LOOP_ANALYSIS = YES;
				CLANG_WARN_STRICT_PROTOTYPES = YES;
				CLANG_WARN_SUSPICIOUS_MOVE = YES;
				CLANG_WARN_UNGUARDED_AVAILABILITY = YES_AGGRESSIVE;
				CLANG_WARN_UNREACHABLE_CODE = YES;
				CLANG_WARN__DUPLICATE_METHOD_MATCH = YES;
				COPY_PHASE_STRIP = NO;
				DEBUG_INFORMATION_FORMAT = dwarf;
				ENABLE_STRICT_OBJC_MSGSEND = YES;
				ENABLE_TESTABILITY = YES;
				ENABLE_USER_SCRIPT_SANDBOXING = YES;
				GCC_C_LANGUAGE_STANDARD = gnu17;
				GCC_DYNAMIC_NO_PIC = NO;
				GCC_NO_COMMON_BLOCKS = YES;
				GCC_OPTIMIZATION_LEVEL = 0;
				GCC_PREPROCESSOR_DEFINITIONS = (
					"DEBUG=1",
					"$(inherited)",
				);
				GCC_WARN_64_TO_32_BIT_CONVERSION = YES;
				GCC_WARN_ABOUT_RETURN_TYPE = YES_ERROR;
				GCC_WARN_UNDECLARED_SELECTOR = YES;
				GCC_WARN_UNINITIALIZED_AUTOS = YES_AGGRESSIVE;
				GCC_WARN_UNUSED_FUNCTION = YES;
				GCC_WARN_UNUSED_VARIABLE = YES;
				IPHONEOS_DEPLOYMENT_TARGET = 17.4;
				LOCALIZATION_PREFERS_STRING_CATALOGS = YES;
				MTL_ENABLE_DEBUG_INFO = INCLUDE_SOURCE;
				MTL_FAST_MATH = YES;
				ONLY_ACTIVE_ARCH = YES;
				SDKROOT = iphoneos;
				SWIFT_ACTIVE_COMPILATION_CONDITIONS = "DEBUG $(inherited)";
				SWIFT_OPTIMIZATION_LEVEL = "-Onone";
			};
			name = Debug;
		};
		C7BD5B192BE75D6C0060CC38 /* Release */ = {
			isa = XCBuildConfiguration;
			buildSettings = {
				ALWAYS_SEARCH_USER_PATHS = NO;
				ASSETCATALOG_COMPILER_GENERATE_SWIFT_ASSET_SYMBOL_EXTENSIONS = YES;
				CLANG_ANALYZER_NONNULL = YES;
				CLANG_ANALYZER_NUMBER_OBJECT_CONVERSION = YES_AGGRESSIVE;
				CLANG_CXX_LANGUAGE_STANDARD = "gnu++20";
				CLANG_ENABLE_MODULES = YES;
				CLANG_ENABLE_OBJC_ARC = YES;
				CLANG_ENABLE_OBJC_WEAK = YES;
				CLANG_WARN_BLOCK_CAPTURE_AUTORELEASING = YES;
				CLANG_WARN_BOOL_CONVERSION = YES;
				CLANG_WARN_COMMA = YES;
				CLANG_WARN_CONSTANT_CONVERSION = YES;
				CLANG_WARN_DEPRECATED_OBJC_IMPLEMENTATIONS = YES;
				CLANG_WARN_DIRECT_OBJC_ISA_USAGE = YES_ERROR;
				CLANG_WARN_DOCUMENTATION_COMMENTS = YES;
				CLANG_WARN_EMPTY_BODY = YES;
				CLANG_WARN_ENUM_CONVERSION = YES;
				CLANG_WARN_INFINITE_RECURSION = YES;
				CLANG_WARN_INT_CONVERSION = YES;
				CLANG_WARN_NON_LITERAL_NULL_CONVERSION = YES;
				CLANG_WARN_OBJC_IMPLICIT_RETAIN_SELF = YES;
				CLANG_WARN_OBJC_LITERAL_CONVERSION = YES;
				CLANG_WARN_OBJC_ROOT_CLASS = YES_ERROR;
				CLANG_WARN_QUOTED_INCLUDE_IN_FRAMEWORK_HEADER = YES;
				CLANG_WARN_RANGE_LOOP_ANALYSIS = YES;
				CLANG_WARN_STRICT_PROTOTYPES = YES;
				CLANG_WARN_SUSPICIOUS_MOVE = YES;
				CLANG_WARN_UNGUARDED_AVAILABILITY = YES_AGGRESSIVE;
				CLANG_WARN_UNREACHABLE_CODE = YES;
				CLANG_WARN__DUPLICATE_METHOD_MATCH = YES;
				COPY_PHASE_STRIP = NO;
				DEBUG_INFORMATION_FORMAT = "dwarf-with-dsym";
				ENABLE_NS_ASSERTIONS = NO;
				ENABLE_STRICT_OBJC_MSGSEND = YES;
				ENABLE_USER_SCRIPT_SANDBOXING = YES;
				GCC_C_LANGUAGE_STANDARD = gnu17;
				GCC_NO_COMMON_BLOCKS = YES;
				GCC_WARN_64_TO_32_BIT_CONVERSION = YES;
				GCC_WARN_ABOUT_RETURN_TYPE = YES_ERROR;
				GCC_WARN_UNDECLARED_SELECTOR = YES;
				GCC_WARN_UNINITIALIZED_AUTOS = YES_AGGRESSIVE;
				GCC_WARN_UNUSED_FUNCTION = YES;
				GCC_WARN_UNUSED_VARIABLE = YES;
				IPHONEOS_DEPLOYMENT_TARGET = 17.4;
				LOCALIZATION_PREFERS_STRING_CATALOGS = YES;
				MTL_ENABLE_DEBUG_INFO = NO;
				MTL_FAST_MATH = YES;
				SDKROOT = iphoneos;
				SWIFT_COMPILATION_MODE = wholemodule;
				VALIDATE_PRODUCT = YES;
			};
			name = Release;
		};
		C7BD5B1B2BE75D6C0060CC38 /* Debug */ = {
			isa = XCBuildConfiguration;
			buildSettings = {
				ALWAYS_EMBED_SWIFT_STANDARD_LIBRARIES = YES;
				ASSETCATALOG_COMPILER_APPICON_NAME = AppIcon;
				ASSETCATALOG_COMPILER_GLOBAL_ACCENT_COLOR_NAME = AccentColor;
				CODE_SIGN_ENTITLEMENTS = GiftHub/GiftHub.entitlements;
				CODE_SIGN_STYLE = Automatic;
				CURRENT_PROJECT_VERSION = 1;
				DEVELOPMENT_ASSET_PATHS = "\"GiftHub/Preview Content\"";
				DEVELOPMENT_TEAM = NG2NLR2Z86;
				ENABLE_PREVIEWS = YES;
				GENERATE_INFOPLIST_FILE = YES;
				INFOPLIST_KEY_UIApplicationSceneManifest_Generation = YES;
				INFOPLIST_KEY_UIApplicationSupportsIndirectInputEvents = YES;
				INFOPLIST_KEY_UILaunchScreen_Generation = YES;
				INFOPLIST_KEY_UISupportedInterfaceOrientations_iPad = "UIInterfaceOrientationPortrait UIInterfaceOrientationPortraitUpsideDown UIInterfaceOrientationLandscapeLeft UIInterfaceOrientationLandscapeRight";
				INFOPLIST_KEY_UISupportedInterfaceOrientations_iPhone = "UIInterfaceOrientationPortrait UIInterfaceOrientationLandscapeLeft UIInterfaceOrientationLandscapeRight";
				LD_RUNPATH_SEARCH_PATHS = (
					"$(inherited)",
					"@executable_path/Frameworks",
				);
				MARKETING_VERSION = 1.0;
				PRODUCT_BUNDLE_IDENTIFIER = GiftHub.main;
				PRODUCT_NAME = "$(TARGET_NAME)";
				SWIFT_EMIT_LOC_STRINGS = YES;
				SWIFT_VERSION = 5.0;
				TARGETED_DEVICE_FAMILY = "1,2";
			};
			name = Debug;
		};
		C7BD5B1C2BE75D6C0060CC38 /* Release */ = {
			isa = XCBuildConfiguration;
			buildSettings = {
				ALWAYS_EMBED_SWIFT_STANDARD_LIBRARIES = YES;
				ASSETCATALOG_COMPILER_APPICON_NAME = AppIcon;
				ASSETCATALOG_COMPILER_GLOBAL_ACCENT_COLOR_NAME = AccentColor;
				CODE_SIGN_ENTITLEMENTS = GiftHub/GiftHub.entitlements;
				CODE_SIGN_STYLE = Automatic;
				CURRENT_PROJECT_VERSION = 1;
				DEVELOPMENT_ASSET_PATHS = "\"GiftHub/Preview Content\"";
				DEVELOPMENT_TEAM = NG2NLR2Z86;
				ENABLE_PREVIEWS = YES;
				GENERATE_INFOPLIST_FILE = YES;
				INFOPLIST_KEY_UIApplicationSceneManifest_Generation = YES;
				INFOPLIST_KEY_UIApplicationSupportsIndirectInputEvents = YES;
				INFOPLIST_KEY_UILaunchScreen_Generation = YES;
				INFOPLIST_KEY_UISupportedInterfaceOrientations_iPad = "UIInterfaceOrientationPortrait UIInterfaceOrientationPortraitUpsideDown UIInterfaceOrientationLandscapeLeft UIInterfaceOrientationLandscapeRight";
				INFOPLIST_KEY_UISupportedInterfaceOrientations_iPhone = "UIInterfaceOrientationPortrait UIInterfaceOrientationLandscapeLeft UIInterfaceOrientationLandscapeRight";
				LD_RUNPATH_SEARCH_PATHS = (
					"$(inherited)",
					"@executable_path/Frameworks",
				);
				MARKETING_VERSION = 1.0;
				PRODUCT_BUNDLE_IDENTIFIER = GiftHub.main;
				PRODUCT_NAME = "$(TARGET_NAME)";
				SWIFT_EMIT_LOC_STRINGS = YES;
				SWIFT_VERSION = 5.0;
				TARGETED_DEVICE_FAMILY = "1,2";
			};
			name = Release;
		};
/* End XCBuildConfiguration section */

/* Begin XCConfigurationList section */
		C73DE1902C1C39EB0018CDEF /* Build configuration list for PBXNativeTarget "group.GiftHub.share" */ = {
			isa = XCConfigurationList;
			buildConfigurations = (
				C73DE1912C1C39EB0018CDEF /* Debug */,
				C73DE1922C1C39EB0018CDEF /* Release */,
			);
			defaultConfigurationIsVisible = 0;
			defaultConfigurationName = Release;
		};
		C7BD5B072BE75D6B0060CC38 /* Build configuration list for PBXProject "GiftHub" */ = {
			isa = XCConfigurationList;
			buildConfigurations = (
				C7BD5B182BE75D6C0060CC38 /* Debug */,
				C7BD5B192BE75D6C0060CC38 /* Release */,
			);
			defaultConfigurationIsVisible = 0;
			defaultConfigurationName = Release;
		};
		C7BD5B1A2BE75D6C0060CC38 /* Build configuration list for PBXNativeTarget "GiftHub" */ = {
			isa = XCConfigurationList;
			buildConfigurations = (
				C7BD5B1B2BE75D6C0060CC38 /* Debug */,
				C7BD5B1C2BE75D6C0060CC38 /* Release */,
			);
			defaultConfigurationIsVisible = 0;
			defaultConfigurationName = Release;
		};
/* End XCConfigurationList section */

/* Begin XCRemoteSwiftPackageReference section */
		C7816B7B2BFDA2CD00F6659F /* XCRemoteSwiftPackageReference "Alamofire" */ = {
			isa = XCRemoteSwiftPackageReference;
			repositoryURL = "https://github.com/Alamofire/Alamofire.git";
			requirement = {
				kind = exactVersion;
				version = 5.9.1;
			};
		};
		C7FC37262C0DED6100C2BB30 /* XCRemoteSwiftPackageReference "Kingfisher" */ = {
			isa = XCRemoteSwiftPackageReference;
			repositoryURL = "https://github.com/onevcat/Kingfisher.git";
			requirement = {
				kind = upToNextMajorVersion;
				minimumVersion = 7.11.0;
			};
		};
/* End XCRemoteSwiftPackageReference section */

/* Begin XCSwiftPackageProductDependency section */
		C7816B7C2BFDA2CD00F6659F /* Alamofire */ = {
			isa = XCSwiftPackageProductDependency;
			package = C7816B7B2BFDA2CD00F6659F /* XCRemoteSwiftPackageReference "Alamofire" */;
			productName = Alamofire;
		};
		C7FC37272C0DED6100C2BB30 /* Kingfisher */ = {
			isa = XCSwiftPackageProductDependency;
			package = C7FC37262C0DED6100C2BB30 /* XCRemoteSwiftPackageReference "Kingfisher" */;
			productName = Kingfisher;
		};
/* End XCSwiftPackageProductDependency section */
	};
	rootObject = C7BD5B042BE75D6B0060CC38 /* Project object */;
}
